
Microsoft Visual Studio Solution File, Format Version 12.00
# Visual Studio 15
VisualStudioVersion = 15.0.28307.1062
MinimumVisualStudioVersion = 10.0.40219.1
Project("{FAE04EC0-301F-11D3-BF4B-00C04F79EFBC}") = "NetCore", "NetCore\NetCore.csproj", "{C0256380-2776-4301-A87C-325835E6D013}"
EndProject
Global
	GlobalSection(SolutionConfigurationPlatforms) = preSolution
		Debug|Any CPU = Debug|Any CPU
		Release|Any CPU = Release|Any CPU
	EndGlobalSection
	GlobalSection(ProjectConfigurationPlatforms) = postSolution
		{C0256380-2776-4301-A87C-325835E6D013}.Debug|Any CPU.ActiveCfg = Debug|Any CPU
		{C0256380-2776-4301-A87C-325835E6D013}.Debug|Any CPU.Build.0 = Debug|Any CPU
		{C0256380-2776-4301-A87C-325835E6D013}.Release|Any CPU.ActiveCfg = Release|Any CPU
		{C0256380-2776-4301-A87C-325835E6D013}.Release|Any CPU.Build.0 = Release|Any CPU
	EndGlobalSection
	GlobalSection(SolutionProperties) = preSolution
		HideSolutionNode = FALSE
	EndGlobalSection
	GlobalSection(ExtensibilityGlobals) = postSolution
		SolutionGuid = {B95DD5CF-5C6F-486F-8577-1DD930445708}
	EndGlobalSection
EndGlobal
